<?xml version="1.0" encoding="utf-8"?>
<Project ToolsVersion="4.0" xmlns="http://schemas.microsoft.com/developer/msbuild/2003">
  <ItemGroup>
    <Filter Include="Source Files">
      <UniqueIdentifier>{4FC737F1-C7A5-4376-A066-2A32D752A2FF}</UniqueIdentifier>
      <Extensions>cpp;c;cc;cxx;def;odl;idl;hpj;bat;asm;asmx</Extensions>
    </Filter>
    <Filter Include="Header Files">
      <UniqueIdentifier>{93995380-89BD-4b04-88EB-625FBE52EBFB}</UniqueIdentifier>
      <Extensions>h;hh;hpp;hxx;hm;inl;inc;ipp;xsd</Extensions>
    </Filter>
    <Filter Include="Resource Files">
      <UniqueIdentifier>{67DA6AB6-F800-4c08-8B7A-83BB121AAD01}</UniqueIdentifier>
      <Extensions>rc;ico;cur;bmp;dlg;rc2;rct;bin;rgs;gif;jpg;jpeg;jpe;resx;tiff;tif;png;wav;mfcribbon-ms</Extensions>
    </Filter>
    <Filter Include="graph">
      <UniqueIdentifier>{32c9c933-e85f-47a9-9f8f-28fe8eaecc16}</UniqueIdentifier>
    </Filter>
    <Filter Include="Union">
      <UniqueIdentifier>{93f159ad-a8ba-45af-bfa1-905388a28937}</UniqueIdentifier>
    </Filter>
    <Filter Include="sort">
      <UniqueIdentifier>{8f094bf5-48de-4ed8-bad8-24a49db781e9}</UniqueIdentifier>
    </Filter>
  </ItemGroup>
  <ItemGroup>
    <ClCompile Include="various_cpp.cpp">
      <Filter>Source Files</Filter>
    </ClCompile>
    <ClCompile Include="prime_numbers.cpp">
      <Filter>Source Files</Filter>
    </ClCompile>
    <ClCompile Include="maze.cpp">
      <Filter>Source Files</Filter>
    </ClCompile>
    <ClCompile Include="dict_search_text.cpp">
      <Filter>Source Files</Filter>
    </ClCompile>
    <ClCompile Include="graph\a_start.cpp">
      <Filter>graph</Filter>
    </ClCompile>
    <ClCompile Include="graph\bfs.cpp">
      <Filter>graph</Filter>
    </ClCompile>
    <ClCompile Include="graph\dijkstra.cpp">
      <Filter>graph</Filter>
    </ClCompile>
    <ClCompile Include="graph\graphAdjList.cpp">
      <Filter>graph</Filter>
    </ClCompile>
    <ClCompile Include="graph\graphAdjMatrix.cpp">
      <Filter>graph</Filter>
    </ClCompile>
    <ClCompile Include="graph_test.cpp">
      <Filter>graph</Filter>
    </ClCompile>
    <ClCompile Include="num_of_bits.cpp">
      <Filter>Source Files</Filter>
    </ClCompile>
    <ClCompile Include="test_union.cpp">
      <Filter>Union</Filter>
    </ClCompile>
    <ClCompile Include="QuickUnion.cpp">
      <Filter>Union</Filter>
    </ClCompile>
    <ClCompile Include="WightedQuickUnion.cpp">
      <Filter>Union</Filter>
    </ClCompile>
    <ClCompile Include="Dijkstra_two_stack.cpp">
      <Filter>Source Files</Filter>
    </ClCompile>
    <ClCompile Include="sort\test_sort.cpp">
      <Filter>sort</Filter>
    </ClCompile>
    <ClCompile Include="sort\merge_sort.cpp">
      <Filter>sort</Filter>
    </ClCompile>
    <ClCompile Include="sort\quick_sort.cpp">
      <Filter>sort</Filter>
    </ClCompile>
    <ClCompile Include="mem_consumption.cpp">
      <Filter>Source Files</Filter>
    </ClCompile>
    <ClCompile Include="dfs_bfs.cpp">
      <Filter>Source Files</Filter>
    </ClCompile>
    <ClCompile Include="phone_numbers_trie.cpp">
      <Filter>Source Files</Filter>
    </ClCompile>
  </ItemGroup>
  <ItemGroup>
    <ClInclude Include="graph\graph.h">
      <Filter>graph</Filter>
    </ClInclude>
    <ClInclude Include="graph\graphAdjList.h">
      <Filter>graph</Filter>
    </ClInclude>
    <ClInclude Include="graph\graphAdjMatrix.h">
      <Filter>graph</Filter>
    </ClInclude>
    <ClInclude Include="UnionFind.h">
      <Filter>Union</Filter>
    </ClInclude>
  </ItemGroup>
</Project>